<?xml version="1.0" encoding="utf-8"?>
<Project ToolsVersion="4.0" xmlns="http://schemas.microsoft.com/developer/msbuild/2003">
  <ItemGroup>
    <Filter Include="Source Files">
      <UniqueIdentifier>{4FC737F1-C7A5-4376-A066-2A32D752A2FF}</UniqueIdentifier>
      <Extensions>cpp;c;cc;cxx;def;odl;idl;hpj;bat;asm;asmx</Extensions>
    </Filter>
    <Filter Include="Header Files">
      <UniqueIdentifier>{93995380-89BD-4b04-88EB-625FBE52EBFB}</UniqueIdentifier>
      <Extensions>h;hh;hpp;hxx;hm;inl;inc;xsd</Extensions>
    </Filter>
    <Filter Include="Resource Files">
      <UniqueIdentifier>{67DA6AB6-F800-4c08-8B7A-83BB121AAD01}</UniqueIdentifier>
      <Extensions>rc;ico;cur;bmp;dlg;rc2;rct;bin;rgs;gif;jpg;jpeg;jpe;resx;tiff;tif;png;wav;mfcribbon-ms</Extensions>
    </Filter>
  </ItemGroup>
  <ItemGroup>
    <ClCompile Include="main.cpp">
      <Filter>Source Files</Filter>
    </ClCompile>
    <ClCompile Include="Ejercicios\490 - Rotating Sentences.h">
      <Filter>Source Files</Filter>
    </ClCompile>
    <ClCompile Include="Ejercicios\494 - Kindergarten Counting Game.h">
      <Filter>Source Files</Filter>
    </ClCompile>
    <ClCompile Include="Ejercicios\6530 - Football.h">
      <Filter>Source Files</Filter>
    </ClCompile>
    <ClCompile Include="Ejercicios\10055 - Hashmat the Brave Warrior.h">
      <Filter>Source Files</Filter>
    </ClCompile>
    <ClCompile Include="Ejercicios\10071 - Back to High School Physics.h">
      <Filter>Source Files</Filter>
    </ClCompile>
    <ClCompile Include="Ejercicios\10300 - Ecological Premium.h">
      <Filter>Source Files</Filter>
    </ClCompile>
    <ClCompile Include="Ejercicios\10469 - To Carry or not to Carry.h">
      <Filter>Source Files</Filter>
    </ClCompile>
    <ClCompile Include="Ejercicios\11321 - Sort! Sort!! and Sort!!!.h">
      <Filter>Source Files</Filter>
    </ClCompile>
    <ClCompile Include="Ejercicios\11849 - CD.h">
      <Filter>Source Files</Filter>
    </ClCompile>
    <ClCompile Include="Ejercicios\12149 - Feynman.h">
      <Filter>Source Files</Filter>
    </ClCompile>
    <ClCompile Include="Ejercicios\12406 - Help Dexter.h">
      <Filter>Source Files</Filter>
    </ClCompile>
  </ItemGroup>
  <ItemGroup>
    <ClInclude Include="BFS\Grafo_Basico.h">
      <Filter>Header Files</Filter>
    </ClInclude>
    <ClInclude Include="BFS\Laberinto.h">
      <Filter>Header Files</Filter>
    </ClInclude>
    <ClInclude Include="Ejercicios\9_924_SpreadingTheNews.h">
      <Filter>Header Files</Filter>
    </ClInclude>
    <ClInclude Include="Ejercicios\100_10004_Bicoloring.h">
      <Filter>Header Files</Filter>
    </ClInclude>
    <ClInclude Include="Ejercicios\6_624_CD.h">
      <Filter>Header Files</Filter>
    </ClInclude>
    <ClInclude Include="Ejercicios\110 - Meta-Loopless Sorts.h">
      <Filter>Header Files</Filter>
    </ClInclude>
    <ClInclude Include="Ejercicios\10327 - Flip Sort.h">
      <Filter>Header Files</Filter>
    </ClInclude>
  </ItemGroup>
</Project>